// !$*UTF8*$!
{
	archiveVersion = 1;
	classes = {
	};
	objectVersion = 50;
	objects = {

/* Begin PBXBuildFile section */
		89D9784DDEA6F866A7AB03B9 /* Pods_ClassNotes.framework in Frameworks */ = {isa = PBXBuildFile; fileRef = 5A5899779A06227D14D48208 /* Pods_ClassNotes.framework */; };
		920721A920E22D5700BAD749 /* Start.storyboard in Resources */ = {isa = PBXBuildFile; fileRef = 920721A820E22D5700BAD749 /* Start.storyboard */; };
		920721AD20E22E0600BAD749 /* SignInViewController.swift in Sources */ = {isa = PBXBuildFile; fileRef = 920721AC20E22E0600BAD749 /* SignInViewController.swift */; };
		920721AF20E22E1700BAD749 /* SignUpViewController.swift in Sources */ = {isa = PBXBuildFile; fileRef = 920721AE20E22E1700BAD749 /* SignUpViewController.swift */; };
		920721B120E2805000BAD749 /* GoogleService-Info.plist in Resources */ = {isa = PBXBuildFile; fileRef = 920721B020E2805000BAD749 /* GoogleService-Info.plist */; };
		9224D23320E0199500DA6B05 /* AppDelegate.swift in Sources */ = {isa = PBXBuildFile; fileRef = 9224D23220E0199500DA6B05 /* AppDelegate.swift */; };
		9224D23A20E0199900DA6B05 /* Assets.xcassets in Resources */ = {isa = PBXBuildFile; fileRef = 9224D23920E0199900DA6B05 /* Assets.xcassets */; };
		9224D23D20E0199900DA6B05 /* LaunchScreen.storyboard in Resources */ = {isa = PBXBuildFile; fileRef = 9224D23B20E0199900DA6B05 /* LaunchScreen.storyboard */; };
		923771A420E28CDB00420F70 /* Main.storyboard in Resources */ = {isa = PBXBuildFile; fileRef = 923771A320E28CDB00420F70 /* Main.storyboard */; };
		923771A620E28F2D00420F70 /* Home.storyboard in Resources */ = {isa = PBXBuildFile; fileRef = 923771A520E28F2D00420F70 /* Home.storyboard */; };
		923771A820E2905800420F70 /* Search.storyboard in Resources */ = {isa = PBXBuildFile; fileRef = 923771A720E2905800420F70 /* Search.storyboard */; };
		923771AA20E290EF00420F70 /* Post.storyboard in Resources */ = {isa = PBXBuildFile; fileRef = 923771A920E290EF00420F70 /* Post.storyboard */; };
		923771AC20E2913E00420F70 /* Notification.storyboard in Resources */ = {isa = PBXBuildFile; fileRef = 923771AB20E2913E00420F70 /* Notification.storyboard */; };
		923771AE20E2917A00420F70 /* Profile.storyboard in Resources */ = {isa = PBXBuildFile; fileRef = 923771AD20E2917A00420F70 /* Profile.storyboard */; };
		923771B120E292D900420F70 /* HomeViewController.swift in Sources */ = {isa = PBXBuildFile; fileRef = 923771B020E292D900420F70 /* HomeViewController.swift */; };
		923771B320E292E600420F70 /* SearchViewController.swift in Sources */ = {isa = PBXBuildFile; fileRef = 923771B220E292E600420F70 /* SearchViewController.swift */; };
		923771B520E292F300420F70 /* PostViewController.swift in Sources */ = {isa = PBXBuildFile; fileRef = 923771B420E292F300420F70 /* PostViewController.swift */; };
		923771B720E2930100420F70 /* NotificationViewController.swift in Sources */ = {isa = PBXBuildFile; fileRef = 923771B620E2930100420F70 /* NotificationViewController.swift */; };
		923771B920E2931A00420F70 /* ProfileViewController.swift in Sources */ = {isa = PBXBuildFile; fileRef = 923771B820E2931A00420F70 /* ProfileViewController.swift */; };
		923771BC20E2B14300420F70 /* Config.swift in Sources */ = {isa = PBXBuildFile; fileRef = 923771BB20E2B14300420F70 /* Config.swift */; };
		923771BE20E2B1D400420F70 /* AuthService.swift in Sources */ = {isa = PBXBuildFile; fileRef = 923771BD20E2B1D400420F70 /* AuthService.swift */; };
		923771C020E2B25E00420F70 /* SendDataService.swift in Sources */ = {isa = PBXBuildFile; fileRef = 923771BF20E2B25E00420F70 /* SendDataService.swift */; };
		923771C320E3505E00420F70 /* PostApi.swift in Sources */ = {isa = PBXBuildFile; fileRef = 923771C220E3505E00420F70 /* PostApi.swift */; };
		923771C520E350A900420F70 /* Api.swift in Sources */ = {isa = PBXBuildFile; fileRef = 923771C420E350A900420F70 /* Api.swift */; };
		923771C820E3637B00420F70 /* UserApi.swift in Sources */ = {isa = PBXBuildFile; fileRef = 923771C720E3637B00420F70 /* UserApi.swift */; };
		923771CC20E402C900420F70 /* PostTableViewController.swift in Sources */ = {isa = PBXBuildFile; fileRef = 923771CB20E402C900420F70 /* PostTableViewController.swift */; };
/* End PBXBuildFile section */

/* Begin PBXFileReference section */
		1F77C8FEC2F7EDB62017633E /* Pods-ClassNotes.release.xcconfig */ = {isa = PBXFileReference; includeInIndex = 1; lastKnownFileType = text.xcconfig; name = "Pods-ClassNotes.release.xcconfig"; path = "Pods/Target Support Files/Pods-ClassNotes/Pods-ClassNotes.release.xcconfig"; sourceTree = "<group>"; };
		5A5899779A06227D14D48208 /* Pods_ClassNotes.framework */ = {isa = PBXFileReference; explicitFileType = wrapper.framework; includeInIndex = 0; path = Pods_ClassNotes.framework; sourceTree = BUILT_PRODUCTS_DIR; };
		920721A820E22D5700BAD749 /* Start.storyboard */ = {isa = PBXFileReference; lastKnownFileType = file.storyboard; path = Start.storyboard; sourceTree = "<group>"; };
		920721AC20E22E0600BAD749 /* SignInViewController.swift */ = {isa = PBXFileReference; lastKnownFileType = sourcecode.swift; path = SignInViewController.swift; sourceTree = "<group>"; };
		920721AE20E22E1700BAD749 /* SignUpViewController.swift */ = {isa = PBXFileReference; lastKnownFileType = sourcecode.swift; path = SignUpViewController.swift; sourceTree = "<group>"; };
		920721B020E2805000BAD749 /* GoogleService-Info.plist */ = {isa = PBXFileReference; fileEncoding = 4; lastKnownFileType = text.plist.xml; path = "GoogleService-Info.plist"; sourceTree = "<group>"; };
		9224D22F20E0199500DA6B05 /* ClassNotes.app */ = {isa = PBXFileReference; explicitFileType = wrapper.application; includeInIndex = 0; path = ClassNotes.app; sourceTree = BUILT_PRODUCTS_DIR; };
		9224D23220E0199500DA6B05 /* AppDelegate.swift */ = {isa = PBXFileReference; lastKnownFileType = sourcecode.swift; path = AppDelegate.swift; sourceTree = "<group>"; };
		9224D23920E0199900DA6B05 /* Assets.xcassets */ = {isa = PBXFileReference; lastKnownFileType = folder.assetcatalog; path = Assets.xcassets; sourceTree = "<group>"; };
		9224D23C20E0199900DA6B05 /* Base */ = {isa = PBXFileReference; lastKnownFileType = file.storyboard; name = Base; path = Base.lproj/LaunchScreen.storyboard; sourceTree = "<group>"; };
		9224D23E20E0199900DA6B05 /* Info.plist */ = {isa = PBXFileReference; lastKnownFileType = text.plist.xml; path = Info.plist; sourceTree = "<group>"; };
		923771A320E28CDB00420F70 /* Main.storyboard */ = {isa = PBXFileReference; fileEncoding = 4; lastKnownFileType = file.storyboard; path = Main.storyboard; sourceTree = "<group>"; };
		923771A520E28F2D00420F70 /* Home.storyboard */ = {isa = PBXFileReference; fileEncoding = 4; lastKnownFileType = file.storyboard; path = Home.storyboard; sourceTree = "<group>"; };
		923771A720E2905800420F70 /* Search.storyboard */ = {isa = PBXFileReference; fileEncoding = 4; lastKnownFileType = file.storyboard; path = Search.storyboard; sourceTree = "<group>"; };
		923771A920E290EF00420F70 /* Post.storyboard */ = {isa = PBXFileReference; fileEncoding = 4; lastKnownFileType = file.storyboard; path = Post.storyboard; sourceTree = "<group>"; };
		923771AB20E2913E00420F70 /* Notification.storyboard */ = {isa = PBXFileReference; fileEncoding = 4; lastKnownFileType = file.storyboard; path = Notification.storyboard; sourceTree = "<group>"; };
		923771AD20E2917A00420F70 /* Profile.storyboard */ = {isa = PBXFileReference; fileEncoding = 4; lastKnownFileType = file.storyboard; path = Profile.storyboard; sourceTree = "<group>"; };
		923771B020E292D900420F70 /* HomeViewController.swift */ = {isa = PBXFileReference; lastKnownFileType = sourcecode.swift; path = HomeViewController.swift; sourceTree = "<group>"; };
		923771B220E292E600420F70 /* SearchViewController.swift */ = {isa = PBXFileReference; lastKnownFileType = sourcecode.swift; path = SearchViewController.swift; sourceTree = "<group>"; };
		923771B420E292F300420F70 /* PostViewController.swift */ = {isa = PBXFileReference; lastKnownFileType = sourcecode.swift; path = PostViewController.swift; sourceTree = "<group>"; };
		923771B620E2930100420F70 /* NotificationViewController.swift */ = {isa = PBXFileReference; lastKnownFileType = sourcecode.swift; path = NotificationViewController.swift; sourceTree = "<group>"; };
		923771B820E2931A00420F70 /* ProfileViewController.swift */ = {isa = PBXFileReference; lastKnownFileType = sourcecode.swift; path = ProfileViewController.swift; sourceTree = "<group>"; };
		923771BB20E2B14300420F70 /* Config.swift */ = {isa = PBXFileReference; lastKnownFileType = sourcecode.swift; path = Config.swift; sourceTree = "<group>"; };
		923771BD20E2B1D400420F70 /* AuthService.swift */ = {isa = PBXFileReference; lastKnownFileType = sourcecode.swift; path = AuthService.swift; sourceTree = "<group>"; };
		923771BF20E2B25E00420F70 /* SendDataService.swift */ = {isa = PBXFileReference; lastKnownFileType = sourcecode.swift; path = SendDataService.swift; sourceTree = "<group>"; };
		923771C220E3505E00420F70 /* PostApi.swift */ = {isa = PBXFileReference; lastKnownFileType = sourcecode.swift; path = PostApi.swift; sourceTree = "<group>"; };
		923771C420E350A900420F70 /* Api.swift */ = {isa = PBXFileReference; lastKnownFileType = sourcecode.swift; path = Api.swift; sourceTree = "<group>"; };
		923771C720E3637B00420F70 /* UserApi.swift */ = {isa = PBXFileReference; lastKnownFileType = sourcecode.swift; path = UserApi.swift; sourceTree = "<group>"; };
		923771CB20E402C900420F70 /* PostTableViewController.swift */ = {isa = PBXFileReference; lastKnownFileType = sourcecode.swift; path = PostTableViewController.swift; sourceTree = "<group>"; };
		F10138077381CA09B2BC523C /* Pods-ClassNotes.debug.xcconfig */ = {isa = PBXFileReference; includeInIndex = 1; lastKnownFileType = text.xcconfig; name = "Pods-ClassNotes.debug.xcconfig"; path = "Pods/Target Support Files/Pods-ClassNotes/Pods-ClassNotes.debug.xcconfig"; sourceTree = "<group>"; };
/* End PBXFileReference section */

/* Begin PBXFrameworksBuildPhase section */
		9224D22C20E0199500DA6B05 /* Frameworks */ = {
			isa = PBXFrameworksBuildPhase;
			buildActionMask = 2147483647;
			files = (
				89D9784DDEA6F866A7AB03B9 /* Pods_ClassNotes.framework in Frameworks */,
			);
			runOnlyForDeploymentPostprocessing = 0;
		};
/* End PBXFrameworksBuildPhase section */

/* Begin PBXGroup section */
		9224D22620E0199400DA6B05 = {
			isa = PBXGroup;
			children = (
				9224D23120E0199500DA6B05 /* ClassNotes */,
				9224D23020E0199500DA6B05 /* Products */,
				A7AA70ECF4D57945E928F9CD /* Pods */,
				99A131AF8D0624A3F0310422 /* Frameworks */,
			);
			sourceTree = "<group>";
		};
		9224D23020E0199500DA6B05 /* Products */ = {
			isa = PBXGroup;
			children = (
				9224D22F20E0199500DA6B05 /* ClassNotes.app */,
			);
			name = Products;
			sourceTree = "<group>";
		};
		9224D23120E0199500DA6B05 /* ClassNotes */ = {
			isa = PBXGroup;
			children = (
				9224D23220E0199500DA6B05 /* AppDelegate.swift */,
				923771BB20E2B14300420F70 /* Config.swift */,
				923771C620E350B200420F70 /* APIs */,
				923771C120E2B33200420F70 /* MainFunctionServices */,
				923771BA20E2933000420F70 /* VCs */,
				923771AF20E2925900420F70 /* StoryBoards */,
				9224D23920E0199900DA6B05 /* Assets.xcassets */,
				9224D23B20E0199900DA6B05 /* LaunchScreen.storyboard */,
				9224D23E20E0199900DA6B05 /* Info.plist */,
				920721B020E2805000BAD749 /* GoogleService-Info.plist */,
			);
			path = ClassNotes;
			sourceTree = "<group>";
		};
		923771AF20E2925900420F70 /* StoryBoards */ = {
			isa = PBXGroup;
			children = (
				923771A320E28CDB00420F70 /* Main.storyboard */,
				920721A820E22D5700BAD749 /* Start.storyboard */,
				923771A520E28F2D00420F70 /* Home.storyboard */,
				923771A720E2905800420F70 /* Search.storyboard */,
				923771A920E290EF00420F70 /* Post.storyboard */,
				923771AB20E2913E00420F70 /* Notification.storyboard */,
				923771AD20E2917A00420F70 /* Profile.storyboard */,
			);
			path = StoryBoards;
			sourceTree = "<group>";
		};
		923771BA20E2933000420F70 /* VCs */ = {
			isa = PBXGroup;
			children = (
				920721AC20E22E0600BAD749 /* SignInViewController.swift */,
				920721AE20E22E1700BAD749 /* SignUpViewController.swift */,
				923771B020E292D900420F70 /* HomeViewController.swift */,
				923771B220E292E600420F70 /* SearchViewController.swift */,
				923771B420E292F300420F70 /* PostViewController.swift */,
				923771CB20E402C900420F70 /* PostTableViewController.swift */,
				923771B620E2930100420F70 /* NotificationViewController.swift */,
				923771B820E2931A00420F70 /* ProfileViewController.swift */,
			);
			path = VCs;
			sourceTree = "<group>";
		};
		923771C120E2B33200420F70 /* MainFunctionServices */ = {
			isa = PBXGroup;
			children = (
				923771BD20E2B1D400420F70 /* AuthService.swift */,
				923771BF20E2B25E00420F70 /* SendDataService.swift */,
			);
			path = MainFunctionServices;
			sourceTree = "<group>";
		};
		923771C620E350B200420F70 /* APIs */ = {
			isa = PBXGroup;
			children = (
				923771C220E3505E00420F70 /* PostApi.swift */,
				923771C420E350A900420F70 /* Api.swift */,
				923771C720E3637B00420F70 /* UserApi.swift */,
			);
			path = APIs;
			sourceTree = "<group>";
		};
		99A131AF8D0624A3F0310422 /* Frameworks */ = {
			isa = PBXGroup;
			children = (
				5A5899779A06227D14D48208 /* Pods_ClassNotes.framework */,
			);
			name = Frameworks;
			sourceTree = "<group>";
		};
		A7AA70ECF4D57945E928F9CD /* Pods */ = {
			isa = PBXGroup;
			children = (
				F10138077381CA09B2BC523C /* Pods-ClassNotes.debug.xcconfig */,
				1F77C8FEC2F7EDB62017633E /* Pods-ClassNotes.release.xcconfig */,
			);
			name = Pods;
			sourceTree = "<group>";
		};
/* End PBXGroup section */

/* Begin PBXNativeTarget section */
		9224D22E20E0199500DA6B05 /* ClassNotes */ = {
			isa = PBXNativeTarget;
			buildConfigurationList = 9224D24120E0199900DA6B05 /* Build configuration list for PBXNativeTarget "ClassNotes" */;
			buildPhases = (
				2D44F14557C4929A83BE5FEC /* [CP] Check Pods Manifest.lock */,
				9224D22B20E0199500DA6B05 /* Sources */,
				9224D22C20E0199500DA6B05 /* Frameworks */,
				9224D22D20E0199500DA6B05 /* Resources */,
				C01865D1E5053A1635A64336 /* [CP] Embed Pods Frameworks */,
			);
			buildRules = (
			);
			dependencies = (
			);
			name = ClassNotes;
			productName = ClassNotes;
			productReference = 9224D22F20E0199500DA6B05 /* ClassNotes.app */;
			productType = "com.apple.product-type.application";
		};
/* End PBXNativeTarget section */

/* Begin PBXProject section */
		9224D22720E0199400DA6B05 /* Project object */ = {
			isa = PBXProject;
			attributes = {
				LastSwiftUpdateCheck = 0940;
				LastUpgradeCheck = 0940;
				ORGANIZATIONNAME = "岡本　優河";
				TargetAttributes = {
					9224D22E20E0199500DA6B05 = {
						CreatedOnToolsVersion = 9.4;
					};
				};
			};
			buildConfigurationList = 9224D22A20E0199400DA6B05 /* Build configuration list for PBXProject "ClassNotes" */;
			compatibilityVersion = "Xcode 9.3";
			developmentRegion = en;
			hasScannedForEncodings = 0;
			knownRegions = (
				en,
				Base,
			);
			mainGroup = 9224D22620E0199400DA6B05;
			productRefGroup = 9224D23020E0199500DA6B05 /* Products */;
			projectDirPath = "";
			projectRoot = "";
			targets = (
				9224D22E20E0199500DA6B05 /* ClassNotes */,
			);
		};
/* End PBXProject section */

/* Begin PBXResourcesBuildPhase section */
		9224D22D20E0199500DA6B05 /* Resources */ = {
			isa = PBXResourcesBuildPhase;
			buildActionMask = 2147483647;
			files = (
				920721B120E2805000BAD749 /* GoogleService-Info.plist in Resources */,
				923771A420E28CDB00420F70 /* Main.storyboard in Resources */,
				923771AE20E2917A00420F70 /* Profile.storyboard in Resources */,
				923771AC20E2913E00420F70 /* Notification.storyboard in Resources */,
				9224D23D20E0199900DA6B05 /* LaunchScreen.storyboard in Resources */,
				923771A620E28F2D00420F70 /* Home.storyboard in Resources */,
				923771AA20E290EF00420F70 /* Post.storyboard in Resources */,
				923771A820E2905800420F70 /* Search.storyboard in Resources */,
				9224D23A20E0199900DA6B05 /* Assets.xcassets in Resources */,
				920721A920E22D5700BAD749 /* Start.storyboard in Resources */,
			);
			runOnlyForDeploymentPostprocessing = 0;
		};
/* End PBXResourcesBuildPhase section */

/* Begin PBXShellScriptBuildPhase section */
		2D44F14557C4929A83BE5FEC /* [CP] Check Pods Manifest.lock */ = {
			isa = PBXShellScriptBuildPhase;
			buildActionMask = 2147483647;
			files = (
			);
			inputPaths = (
				"${PODS_PODFILE_DIR_PATH}/Podfile.lock",
				"${PODS_ROOT}/Manifest.lock",
			);
			name = "[CP] Check Pods Manifest.lock";
			outputPaths = (
				"$(DERIVED_FILE_DIR)/Pods-ClassNotes-checkManifestLockResult.txt",
			);
			runOnlyForDeploymentPostprocessing = 0;
			shellPath = /bin/sh;
			shellScript = "diff \"${PODS_PODFILE_DIR_PATH}/Podfile.lock\" \"${PODS_ROOT}/Manifest.lock\" > /dev/null\nif [ $? != 0 ] ; then\n    # print error to STDERR\n    echo \"error: The sandbox is not in sync with the Podfile.lock. Run 'pod install' or update your CocoaPods installation.\" >&2\n    exit 1\nfi\n# This output is used by Xcode 'outputs' to avoid re-running this script phase.\necho \"SUCCESS\" > \"${SCRIPT_OUTPUT_FILE_0}\"\n";
			showEnvVarsInLog = 0;
		};
		C01865D1E5053A1635A64336 /* [CP] Embed Pods Frameworks */ = {
			isa = PBXShellScriptBuildPhase;
			buildActionMask = 2147483647;
			files = (
			);
			inputPaths = (
				"${SRCROOT}/Pods/Target Support Files/Pods-ClassNotes/Pods-ClassNotes-frameworks.sh",
				"${BUILT_PRODUCTS_DIR}/GTMSessionFetcher/GTMSessionFetcher.framework",
				"${BUILT_PRODUCTS_DIR}/GoogleToolboxForMac/GoogleToolboxForMac.framework",
				"${BUILT_PRODUCTS_DIR}/ImagePicker/ImagePicker.framework",
				"${BUILT_PRODUCTS_DIR}/ProgressHUD/ProgressHUD.framework",
				"${BUILT_PRODUCTS_DIR}/SDWebImage/SDWebImage.framework",
				"${BUILT_PRODUCTS_DIR}/leveldb-library/leveldb.framework",
				"${BUILT_PRODUCTS_DIR}/nanopb/nanopb.framework",
			);
			name = "[CP] Embed Pods Frameworks";
			outputPaths = (
				"${TARGET_BUILD_DIR}/${FRAMEWORKS_FOLDER_PATH}/GTMSessionFetcher.framework",
				"${TARGET_BUILD_DIR}/${FRAMEWORKS_FOLDER_PATH}/GoogleToolboxForMac.framework",
				"${TARGET_BUILD_DIR}/${FRAMEWORKS_FOLDER_PATH}/ImagePicker.framework",
				"${TARGET_BUILD_DIR}/${FRAMEWORKS_FOLDER_PATH}/ProgressHUD.framework",
				"${TARGET_BUILD_DIR}/${FRAMEWORKS_FOLDER_PATH}/SDWebImage.framework",
				"${TARGET_BUILD_DIR}/${FRAMEWORKS_FOLDER_PATH}/leveldb.framework",
				"${TARGET_BUILD_DIR}/${FRAMEWORKS_FOLDER_PATH}/nanopb.framework",
			);
			runOnlyForDeploymentPostprocessing = 0;
			shellPath = /bin/sh;
			shellScript = "\"${SRCROOT}/Pods/Target Support Files/Pods-ClassNotes/Pods-ClassNotes-frameworks.sh\"\n";
			showEnvVarsInLog = 0;
		};
/* End PBXShellScriptBuildPhase section */

/* Begin PBXSourcesBuildPhase section */
		9224D22B20E0199500DA6B05 /* Sources */ = {
			isa = PBXSourcesBuildPhase;
			buildActionMask = 2147483647;
			files = (
				923771B520E292F300420F70 /* PostViewController.swift in Sources */,
				923771B320E292E600420F70 /* SearchViewController.swift in Sources */,
				923771BC20E2B14300420F70 /* Config.swift in Sources */,
				920721AF20E22E1700BAD749 /* SignUpViewController.swift in Sources */,
				923771C320E3505E00420F70 /* PostApi.swift in Sources */,
				923771C820E3637B00420F70 /* UserApi.swift in Sources */,
				923771B720E2930100420F70 /* NotificationViewController.swift in Sources */,
				923771C520E350A900420F70 /* Api.swift in Sources */,
				920721AD20E22E0600BAD749 /* SignInViewController.swift in Sources */,
				9224D23320E0199500DA6B05 /* AppDelegate.swift in Sources */,
				923771CC20E402C900420F70 /* PostTableViewController.swift in Sources */,
				923771BE20E2B1D400420F70 /* AuthService.swift in Sources */,
				923771C020E2B25E00420F70 /* SendDataService.swift in Sources */,
				923771B920E2931A00420F70 /* ProfileViewController.swift in Sources */,
				923771B120E292D900420F70 /* HomeViewController.swift in Sources */,
			);
			runOnlyForDeploymentPostprocessing = 0;
		};
/* End PBXSourcesBuildPhase section */

/* Begin PBXVariantGroup section */
		9224D23B20E0199900DA6B05 /* LaunchScreen.storyboard */ = {
			isa = PBXVariantGroup;
			children = (
				9224D23C20E0199900DA6B05 /* Base */,
			);
			name = LaunchScreen.storyboard;
			sourceTree = "<group>";
		};
/* End PBXVariantGroup section */

/* Begin XCBuildConfiguration section */
		9224D23F20E0199900DA6B05 /* Debug */ = {
			isa = XCBuildConfiguration;
			buildSettings = {
				ALWAYS_SEARCH_USER_PATHS = NO;
				CLANG_ANALYZER_NONNULL = YES;
				CLANG_ANALYZER_NUMBER_OBJECT_CONVERSION = YES_AGGRESSIVE;
				CLANG_CXX_LANGUAGE_STANDARD = "gnu++14";
				CLANG_CXX_LIBRARY = "libc++";
				CLANG_ENABLE_MODULES = YES;
				CLANG_ENABLE_OBJC_ARC = YES;
				CLANG_ENABLE_OBJC_WEAK = YES;
				CLANG_WARN_BLOCK_CAPTURE_AUTORELEASING = YES;
				CLANG_WARN_BOOL_CONVERSION = YES;
				CLANG_WARN_COMMA = YES;
				CLANG_WARN_CONSTANT_CONVERSION = YES;
				CLANG_WARN_DEPRECATED_OBJC_IMPLEMENTATIONS = YES;
				CLANG_WARN_DIRECT_OBJC_ISA_USAGE = YES_ERROR;
				CLANG_WARN_DOCUMENTATION_COMMENTS = YES;
				CLANG_WARN_EMPTY_BODY = YES;
				CLANG_WARN_ENUM_CONVERSION = YES;
				CLANG_WARN_INFINITE_RECURSION = YES;
				CLANG_WARN_INT_CONVERSION = YES;
				CLANG_WARN_NON_LITERAL_NULL_CONVERSION = YES;
				CLANG_WARN_OBJC_IMPLICIT_RETAIN_SELF = YES;
				CLANG_WARN_OBJC_LITERAL_CONVERSION = YES;
				CLANG_WARN_OBJC_ROOT_CLASS = YES_ERROR;
				CLANG_WARN_RANGE_LOOP_ANALYSIS = YES;
				CLANG_WARN_STRICT_PROTOTYPES = YES;
				CLANG_WARN_SUSPICIOUS_MOVE = YES;
				CLANG_WARN_UNGUARDED_AVAILABILITY = YES_AGGRESSIVE;
				CLANG_WARN_UNREACHABLE_CODE = YES;
				CLANG_WARN__DUPLICATE_METHOD_MATCH = YES;
				CODE_SIGN_IDENTITY = "iPhone Developer";
				COPY_PHASE_STRIP = NO;
				DEBUG_INFORMATION_FORMAT = dwarf;
				ENABLE_STRICT_OBJC_MSGSEND = YES;
				ENABLE_TESTABILITY = YES;
				GCC_C_LANGUAGE_STANDARD = gnu11;
				GCC_DYNAMIC_NO_PIC = NO;
				GCC_NO_COMMON_BLOCKS = YES;
				GCC_OPTIMIZATION_LEVEL = 0;
				GCC_PREPROCESSOR_DEFINITIONS = (
					"DEBUG=1",
					"$(inherited)",
				);
				GCC_WARN_64_TO_32_BIT_CONVERSION = YES;
				GCC_WARN_ABOUT_RETURN_TYPE = YES_ERROR;
				GCC_WARN_UNDECLARED_SELECTOR = YES;
				GCC_WARN_UNINITIALIZED_AUTOS = YES_AGGRESSIVE;
				GCC_WARN_UNUSED_FUNCTION = YES;
				GCC_WARN_UNUSED_VARIABLE = YES;
				IPHONEOS_DEPLOYMENT_TARGET = 11.4;
				MTL_ENABLE_DEBUG_INFO = YES;
				ONLY_ACTIVE_ARCH = YES;
				SDKROOT = iphoneos;
				SWIFT_ACTIVE_COMPILATION_CONDITIONS = DEBUG;
				SWIFT_OPTIMIZATION_LEVEL = "-Onone";
			};
			name = Debug;
		};
		9224D24020E0199900DA6B05 /* Release */ = {
			isa = XCBuildConfiguration;
			buildSettings = {
				ALWAYS_SEARCH_USER_PATHS = NO;
				CLANG_ANALYZER_NONNULL = YES;
				CLANG_ANALYZER_NUMBER_OBJECT_CONVERSION = YES_AGGRESSIVE;
				CLANG_CXX_LANGUAGE_STANDARD = "gnu++14";
				CLANG_CXX_LIBRARY = "libc++";
				CLANG_ENABLE_MODULES = YES;
				CLANG_ENABLE_OBJC_ARC = YES;
				CLANG_ENABLE_OBJC_WEAK = YES;
				CLANG_WARN_BLOCK_CAPTURE_AUTORELEASING = YES;
				CLANG_WARN_BOOL_CONVERSION = YES;
				CLANG_WARN_COMMA = YES;
				CLANG_WARN_CONSTANT_CONVERSION = YES;
				CLANG_WARN_DEPRECATED_OBJC_IMPLEMENTATIONS = YES;
				CLANG_WARN_DIRECT_OBJC_ISA_USAGE = YES_ERROR;
				CLANG_WARN_DOCUMENTATION_COMMENTS = YES;
				CLANG_WARN_EMPTY_BODY = YES;
				CLANG_WARN_ENUM_CONVERSION = YES;
				CLANG_WARN_INFINITE_RECURSION = YES;
				CLANG_WARN_INT_CONVERSION = YES;
				CLANG_WARN_NON_LITERAL_NULL_CONVERSION = YES;
				CLANG_WARN_OBJC_IMPLICIT_RETAIN_SELF = YES;
				CLANG_WARN_OBJC_LITERAL_CONVERSION = YES;
				CLANG_WARN_OBJC_ROOT_CLASS = YES_ERROR;
				CLANG_WARN_RANGE_LOOP_ANALYSIS = YES;
				CLANG_WARN_STRICT_PROTOTYPES = YES;
				CLANG_WARN_SUSPICIOUS_MOVE = YES;
				CLANG_WARN_UNGUARDED_AVAILABILITY = YES_AGGRESSIVE;
				CLANG_WARN_UNREACHABLE_CODE = YES;
				CLANG_WARN__DUPLICATE_METHOD_MATCH = YES;
				CODE_SIGN_IDENTITY = "iPhone Developer";
				COPY_PHASE_STRIP = NO;
				DEBUG_INFORMATION_FORMAT = "dwarf-with-dsym";
				ENABLE_NS_ASSERTIONS = NO;
				ENABLE_STRICT_OBJC_MSGSEND = YES;
				GCC_C_LANGUAGE_STANDARD = gnu11;
				GCC_NO_COMMON_BLOCKS = YES;
				GCC_WARN_64_TO_32_BIT_CONVERSION = YES;
				GCC_WARN_ABOUT_RETURN_TYPE = YES_ERROR;
				GCC_WARN_UNDECLARED_SELECTOR = YES;
				GCC_WARN_UNINITIALIZED_AUTOS = YES_AGGRESSIVE;
				GCC_WARN_UNUSED_FUNCTION = YES;
				GCC_WARN_UNUSED_VARIABLE = YES;
				IPHONEOS_DEPLOYMENT_TARGET = 11.4;
				MTL_ENABLE_DEBUG_INFO = NO;
				SDKROOT = iphoneos;
				SWIFT_COMPILATION_MODE = wholemodule;
				SWIFT_OPTIMIZATION_LEVEL = "-O";
				VALIDATE_PRODUCT = YES;
			};
			name = Release;
		};
		9224D24220E0199900DA6B05 /* Debug */ = {
			isa = XCBuildConfiguration;
			baseConfigurationReference = F10138077381CA09B2BC523C /* Pods-ClassNotes.debug.xcconfig */;
			buildSettings = {
				ASSETCATALOG_COMPILER_APPICON_NAME = AppIcon;
				CODE_SIGN_STYLE = Automatic;
				DEVELOPMENT_TEAM = 8DR4CPGTUH;
				INFOPLIST_FILE = ClassNotes/Info.plist;
				LD_RUNPATH_SEARCH_PATHS = (
					"$(inherited)",
					"@executable_path/Frameworks",
				);
				PRODUCT_BUNDLE_IDENTIFIER = com.icloud.imnot.wimp119.ClassNotes;
				PRODUCT_NAME = "$(TARGET_NAME)";
				SWIFT_VERSION = 4.0;
				TARGETED_DEVICE_FAMILY = "1,2";
			};
			name = Debug;
		};
		9224D24320E0199900DA6B05 /* Release */ = {
			isa = XCBuildConfiguration;
			baseConfigurationReference = 1F77C8FEC2F7EDB62017633E /* Pods-ClassNotes.release.xcconfig */;
			buildSettings = {
				ASSETCATALOG_COMPILER_APPICON_NAME = AppIcon;
				CODE_SIGN_STYLE = Automatic;
				DEVELOPMENT_TEAM = 8DR4CPGTUH;
				INFOPLIST_FILE = ClassNotes/Info.plist;
				LD_RUNPATH_SEARCH_PATHS = (
					"$(inherited)",
					"@executable_path/Frameworks",
				);
				PRODUCT_BUNDLE_IDENTIFIER = com.icloud.imnot.wimp119.ClassNotes;
				PRODUCT_NAME = "$(TARGET_NAME)";
				SWIFT_VERSION = 4.0;
				TARGETED_DEVICE_FAMILY = "1,2";
			};
			name = Release;
		};
/* End XCBuildConfiguration section */

/* Begin XCConfigurationList section */
		9224D22A20E0199400DA6B05 /* Build configuration list for PBXProject "ClassNotes" */ = {
			isa = XCConfigurationList;
			buildConfigurations = (
				9224D23F20E0199900DA6B05 /* Debug */,
				9224D24020E0199900DA6B05 /* Release */,
			);
			defaultConfigurationIsVisible = 0;
			defaultConfigurationName = Release;
		};
		9224D24120E0199900DA6B05 /* Build configuration list for PBXNativeTarget "ClassNotes" */ = {
			isa = XCConfigurationList;
			buildConfigurations = (
				9224D24220E0199900DA6B05 /* Debug */,
				9224D24320E0199900DA6B05 /* Release */,
			);
			defaultConfigurationIsVisible = 0;
			defaultConfigurationName = Release;
		};
/* End XCConfigurationList section */
	};
	rootObject = 9224D22720E0199400DA6B05 /* Project object */;
}
